{
  "name": "tony-react",
  "version": "0.1.0",
  "lockfileVersion": 3,
  "requires": true,
  "packages": {
    "": {
      "name": "tony-react",
      "version": "0.1.0",
      "dependencies": {
        "@next/font": "13.2.4",
        "emailjs-com": "^3.2.0",
        "isotope-layout": "^3.0.6",
        "next": "13.2.4",
        "react": "18.2.0",
        "react-bootstrap": "^1.6.1",
        "react-dom": "18.2.0",
        "react-tsparticles": "^2.9.3",
        "swiper": "^9.1.0",
        "tsparticles": "^2.9.3",
        "typeit-react": "^2.6.4"
      }
    },
    "node_modules/@babel/runtime": {
      "version": "7.22.5",
      "license": "MIT",
      "dependencies": {
        "regenerator-runtime": "^0.13.11"
      },
      "engines": {
        "node": ">=6.9.0"
      }
    },
    "node_modules/@next/env": {
      "version": "13.2.4",
      "license": "MIT"
    },
    "node_modules/@next/font": {
      "version": "13.2.4",
      "license": "MIT"
    },
    "node_modules/@next/swc-darwin-arm64": {
      "version": "13.2.4",
      "cpu": [
        "arm64"
      ],
      "license": "MIT",
      "optional": true,
      "os": [
        "darwin"
      ],
      "engines": {
        "node": ">= 10"
      }
    },
    "node_modules/@popperjs/core": {
      "version": "2.11.8",
      "license": "MIT",
      "funding": {
        "type": "opencollective",
        "url": "https://opencollective.com/popperjs"
      }
    },
    "node_modules/@restart/context": {
      "version": "2.1.4",
      "license": "MIT",
      "peerDependencies": {
        "react": ">=16.3.2"
      }
    },
    "node_modules/@restart/hooks": {
      "version": "0.4.9",
      "license": "MIT",
      "dependencies": {
        "dequal": "^2.0.2"
      },
      "peerDependencies": {
        "react": ">=16.8.0"
      }
    },
    "node_modules/@swc/helpers": {
      "version": "0.4.14",
      "license": "MIT",
      "dependencies": {
        "tslib": "^2.4.0"
      }
    },
    "node_modules/@types/invariant": {
      "version": "2.2.35",
      "license": "MIT"
    },
    "node_modules/@types/prop-types": {
      "version": "15.7.5",
      "license": "MIT"
    },
    "node_modules/@types/react": {
      "version": "18.2.14",
      "license": "MIT",
      "dependencies": {
        "@types/prop-types": "*",
        "@types/scheduler": "*",
        "csstype": "^3.0.2"
      }
    },
    "node_modules/@types/react-transition-group": {
      "version": "4.4.6",
      "license": "MIT",
      "dependencies": {
        "@types/react": "*"
      }
    },
    "node_modules/@types/scheduler": {
      "version": "0.16.3",
      "license": "MIT"
    },
    "node_modules/@types/warning": {
      "version": "3.0.0",
      "license": "MIT"
    },
    "node_modules/caniuse-lite": {
      "version": "1.0.30001512",
      "funding": [
        {
          "type": "opencollective",
          "url": "https://opencollective.com/browserslist"
        },
        {
          "type": "tidelift",
          "url": "https://tidelift.com/funding/github/npm/caniuse-lite"
        },
        {
          "type": "github",
          "url": "https://github.com/sponsors/ai"
        }
      ],
      "license": "CC-BY-4.0"
    },
    "node_modules/classnames": {
      "version": "2.3.2",
      "license": "MIT"
    },
    "node_modules/client-only": {
      "version": "0.0.1",
      "license": "MIT"
    },
    "node_modules/csstype": {
      "version": "3.1.2",
      "license": "MIT"
    },
    "node_modules/deep-eql": {
      "version": "4.1.3",
      "license": "MIT",
      "dependencies": {
        "type-detect": "^4.0.0"
      },
      "engines": {
        "node": ">=6"
      }
    },
    "node_modules/dequal": {
      "version": "2.0.3",
      "license": "MIT",
      "engines": {
        "node": ">=6"
      }
    },
    "node_modules/desandro-matches-selector": {
      "version": "2.0.2",
      "license": "MIT"
    },
    "node_modules/dom-helpers": {
      "version": "5.2.1",
      "license": "MIT",
      "dependencies": {
        "@babel/runtime": "^7.8.7",
        "csstype": "^3.0.2"
      }
    },
    "node_modules/emailjs-com": {
      "version": "3.2.0",
      "license": "MIT",
      "engines": {
        "node": ">=12.0.0"
      }
    },
    "node_modules/ev-emitter": {
      "version": "1.1.1",
      "license": "MIT"
    },
    "node_modules/fizzy-ui-utils": {
      "version": "2.0.7",
      "license": "MIT",
      "dependencies": {
        "desandro-matches-selector": "^2.0.0"
      }
    },
    "node_modules/get-size": {
      "version": "2.0.3",
      "license": "MIT"
    },
    "node_modules/invariant": {
      "version": "2.2.4",
      "license": "MIT",
      "dependencies": {
        "loose-envify": "^1.0.0"
      }
    },
    "node_modules/isotope-layout": {
      "version": "3.0.6",
      "license": "GPL-3.0",
      "dependencies": {
        "desandro-matches-selector": "^2.0.0",
        "fizzy-ui-utils": "^2.0.4",
        "get-size": "^2.0.0",
        "masonry-layout": "^4.1.0",
        "outlayer": "^2.1.0"
      }
    },
    "node_modules/js-tokens": {
      "version": "4.0.0",
      "license": "MIT"
    },
    "node_modules/loose-envify": {
      "version": "1.4.0",
      "license": "MIT",
      "dependencies": {
        "js-tokens": "^3.0.0 || ^4.0.0"
      },
      "bin": {
        "loose-envify": "cli.js"
      }
    },
    "node_modules/masonry-layout": {
      "version": "4.2.2",
      "license": "MIT",
      "dependencies": {
        "get-size": "^2.0.2",
        "outlayer": "^2.1.0"
      }
    },
    "node_modules/nanoid": {
      "version": "3.3.6",
      "funding": [
        {
          "type": "github",
          "url": "https://github.com/sponsors/ai"
        }
      ],
      "license": "MIT",
      "bin": {
        "nanoid": "bin/nanoid.cjs"
      },
      "engines": {
        "node": "^10 || ^12 || ^13.7 || ^14 || >=15.0.1"
      }
    },
    "node_modules/next": {
      "version": "13.2.4",
      "license": "MIT",
      "dependencies": {
        "@next/env": "13.2.4",
        "@swc/helpers": "0.4.14",
        "caniuse-lite": "^1.0.30001406",
        "postcss": "8.4.14",
        "styled-jsx": "5.1.1"
      },
      "bin": {
        "next": "dist/bin/next"
      },
      "engines": {
        "node": ">=14.6.0"
      },
      "optionalDependencies": {
        "@next/swc-android-arm-eabi": "13.2.4",
        "@next/swc-android-arm64": "13.2.4",
        "@next/swc-darwin-arm64": "13.2.4",
        "@next/swc-darwin-x64": "13.2.4",
        "@next/swc-freebsd-x64": "13.2.4",
        "@next/swc-linux-arm-gnueabihf": "13.2.4",
        "@next/swc-linux-arm64-gnu": "13.2.4",
        "@next/swc-linux-arm64-musl": "13.2.4",
        "@next/swc-linux-x64-gnu": "13.2.4",
        "@next/swc-linux-x64-musl": "13.2.4",
        "@next/swc-win32-arm64-msvc": "13.2.4",
        "@next/swc-win32-ia32-msvc": "13.2.4",
        "@next/swc-win32-x64-msvc": "13.2.4"
      },
      "peerDependencies": {
        "@opentelemetry/api": "^1.4.0",
        "fibers": ">= 3.1.0",
        "node-sass": "^6.0.0 || ^7.0.0",
        "react": "^18.2.0",
        "react-dom": "^18.2.0",
        "sass": "^1.3.0"
      },
      "peerDependenciesMeta": {
        "@opentelemetry/api": {
          "optional": true
        },
        "fibers": {
          "optional": true
        },
        "node-sass": {
          "optional": true
        },
        "sass": {
          "optional": true
        }
      }
    },
    "node_modules/object-assign": {
      "version": "4.1.1",
      "license": "MIT",
      "engines": {
        "node": ">=0.10.0"
      }
    },
    "node_modules/outlayer": {
      "version": "2.1.1",
      "license": "MIT",
      "dependencies": {
        "ev-emitter": "^1.0.0",
        "fizzy-ui-utils": "^2.0.0",
        "get-size": "^2.0.2"
      }
    },
    "node_modules/picocolors": {
      "version": "1.0.0",
      "license": "ISC"
    },
    "node_modules/postcss": {
      "version": "8.4.14",
      "funding": [
        {
          "type": "opencollective",
          "url": "https://opencollective.com/postcss/"
        },
        {
          "type": "tidelift",
          "url": "https://tidelift.com/funding/github/npm/postcss"
        }
      ],
      "license": "MIT",
      "dependencies": {
        "nanoid": "^3.3.4",
        "picocolors": "^1.0.0",
        "source-map-js": "^1.0.2"
      },
      "engines": {
        "node": "^10 || ^12 || >=14"
      }
    },
    "node_modules/prop-types": {
      "version": "15.8.1",
      "license": "MIT",
      "dependencies": {
        "loose-envify": "^1.4.0",
        "object-assign": "^4.1.1",
        "react-is": "^16.13.1"
      }
    },
    "node_modules/prop-types-extra": {
      "version": "1.1.1",
      "license": "MIT",
      "dependencies": {
        "react-is": "^16.3.2",
        "warning": "^4.0.0"
      },
      "peerDependencies": {
        "react": ">=0.14.0"
      }
    },
    "node_modules/react": {
      "version": "18.2.0",
      "license": "MIT",
      "dependencies": {
        "loose-envify": "^1.1.0"
      },
      "engines": {
        "node": ">=0.10.0"
      }
    },
    "node_modules/react-bootstrap": {
      "version": "1.6.7",
      "license": "MIT",
      "dependencies": {
        "@babel/runtime": "^7.14.0",
        "@restart/context": "^2.1.4",
        "@restart/hooks": "^0.4.7",
        "@types/invariant": "^2.2.33",
        "@types/prop-types": "^15.7.3",
        "@types/react": ">=16.14.8",
        "@types/react-transition-group": "^4.4.1",
        "@types/warning": "^3.0.0",
        "classnames": "^2.3.1",
        "dom-helpers": "^5.2.1",
        "invariant": "^2.2.4",
        "prop-types": "^15.7.2",
        "prop-types-extra": "^1.1.0",
        "react-overlays": "^5.1.2",
        "react-transition-group": "^4.4.1",
        "uncontrollable": "^7.2.1",
        "warning": "^4.0.3"
      },
      "peerDependencies": {
        "react": ">=16.8.0",
        "react-dom": ">=16.8.0"
      }
    },
    "node_modules/react-dom": {
      "version": "18.2.0",
      "license": "MIT",
      "dependencies": {
        "loose-envify": "^1.1.0",
        "scheduler": "^0.23.0"
      },
      "peerDependencies": {
        "react": "^18.2.0"
      }
    },
    "node_modules/react-is": {
      "version": "16.13.1",
      "license": "MIT"
    },
    "node_modules/react-lifecycles-compat": {
      "version": "3.0.4",
      "license": "MIT"
    },
    "node_modules/react-overlays": {
      "version": "5.2.1",
      "license": "MIT",
      "dependencies": {
        "@babel/runtime": "^7.13.8",
        "@popperjs/core": "^2.11.6",
        "@restart/hooks": "^0.4.7",
        "@types/warning": "^3.0.0",
        "dom-helpers": "^5.2.0",
        "prop-types": "^15.7.2",
        "uncontrollable": "^7.2.1",
        "warning": "^4.0.3"
      },
      "peerDependencies": {
        "react": ">=16.3.0",
        "react-dom": ">=16.3.0"
      }
    },
    "node_modules/react-transition-group": {
      "version": "4.4.5",
      "license": "BSD-3-Clause",
      "dependencies": {
        "@babel/runtime": "^7.5.5",
        "dom-helpers": "^5.0.1",
        "loose-envify": "^1.4.0",
        "prop-types": "^15.6.2"
      },
      "peerDependencies": {
        "react": ">=16.6.0",
        "react-dom": ">=16.6.0"
      }
    },
    "node_modules/react-tsparticles": {
      "version": "2.10.1",
      "funding": [
        {
          "type": "github",
          "url": "https://github.com/sponsors/matteobruni"
        },
        {
          "type": "github",
          "url": "https://github.com/sponsors/tsparticles"
        },
        {
          "type": "buymeacoffee",
          "url": "https://www.buymeacoffee.com/matteobruni"
        }
      ],
      "hasInstallScript": true,
      "license": "MIT",
      "dependencies": {
        "deep-eql": "^4.1.3",
        "tsparticles-engine": "^2.10.1"
      },
      "peerDependencies": {
        "react": ">=16"
      }
    },
    "node_modules/regenerator-runtime": {
      "version": "0.13.11",
      "license": "MIT"
    },
    "node_modules/scheduler": {
      "version": "0.23.0",
      "license": "MIT",
      "dependencies": {
        "loose-envify": "^1.1.0"
      }
    },
    "node_modules/source-map-js": {
      "version": "1.0.2",
      "license": "BSD-3-Clause",
      "engines": {
        "node": ">=0.10.0"
      }
    },
    "node_modules/ssr-window": {
      "version": "4.0.2",
      "license": "MIT"
    },
    "node_modules/styled-jsx": {
      "version": "5.1.1",
      "license": "MIT",
      "dependencies": {
        "client-only": "0.0.1"
      },
      "engines": {
        "node": ">= 12.0.0"
      },
      "peerDependencies": {
        "react": ">= 16.8.0 || 17.x.x || ^18.0.0-0"
      },
      "peerDependenciesMeta": {
        "@babel/core": {
          "optional": true
        },
        "babel-plugin-macros": {
          "optional": true
        }
      }
    },
    "node_modules/swiper": {
      "version": "9.4.1",
      "funding": [
        {
          "type": "patreon",
          "url": "https://www.patreon.com/swiperjs"
        },
        {
          "type": "open_collective",
          "url": "http://opencollective.com/swiper"
        }
      ],
      "license": "MIT",
      "dependencies": {
        "ssr-window": "^4.0.2"
      },
      "engines": {
        "node": ">= 4.7.0"
      }
    },
    "node_modules/tslib": {
      "version": "2.6.0",
      "license": "0BSD"
    },
    "node_modules/tsparticles": {
      "version": "2.10.1",
      "funding": [
        {
          "type": "github",
          "url": "https://github.com/sponsors/matteobruni"
        },
        {
          "type": "github",
          "url": "https://github.com/sponsors/tsparticles"
        },
        {
          "type": "buymeacoffee",
          "url": "https://www.buymeacoffee.com/matteobruni"
        }
      ],
      "license": "MIT",
      "dependencies": {
        "tsparticles-engine": "^2.10.1",
        "tsparticles-interaction-external-trail": "^2.10.1",
        "tsparticles-plugin-absorbers": "^2.10.1",
        "tsparticles-plugin-emitters": "^2.10.1",
        "tsparticles-slim": "^2.10.1",
        "tsparticles-updater-destroy": "^2.10.1",
        "tsparticles-updater-roll": "^2.10.1",
        "tsparticles-updater-tilt": "^2.10.1",
        "tsparticles-updater-twinkle": "^2.10.1",
        "tsparticles-updater-wobble": "^2.10.1"
      }
    },
    "node_modules/tsparticles-engine": {
      "version": "2.10.1",
      "funding": [
        {
          "type": "github",
          "url": "https://github.com/sponsors/matteobruni"
        },
        {
          "type": "github",
          "url": "https://github.com/sponsors/tsparticles"
        },
        {
          "type": "buymeacoffee",
          "url": "https://www.buymeacoffee.com/matteobruni"
        }
      ],
      "hasInstallScript": true,
      "license": "MIT"
    },
    "node_modules/tsparticles-interaction-external-attract": {
      "version": "2.10.1",
      "license": "MIT",
      "dependencies": {
        "tsparticles-engine": "^2.10.1"
      }
    },
    "node_modules/tsparticles-interaction-external-bounce": {
      "version": "2.10.1",
      "license": "MIT",
      "dependencies": {
        "tsparticles-engine": "^2.10.1"
      }
    },
    "node_modules/tsparticles-interaction-external-bubble": {
      "version": "2.10.1",
      "license": "MIT",
      "dependencies": {
        "tsparticles-engine": "^2.10.1"
      }
    },
    "node_modules/tsparticles-interaction-external-connect": {
      "version": "2.10.1",
      "license": "MIT",
      "dependencies": {
        "tsparticles-engine": "^2.10.1"
      }
    },
    "node_modules/tsparticles-interaction-external-grab": {
      "version": "2.10.1",
      "license": "MIT",
      "dependencies": {
        "tsparticles-engine": "^2.10.1"
      }
    },
    "node_modules/tsparticles-interaction-external-pause": {
      "version": "2.10.1",
      "license": "MIT",
      "dependencies": {
        "tsparticles-engine": "^2.10.1"
      }
    },
    "node_modules/tsparticles-interaction-external-push": {
      "version": "2.10.1",
      "license": "MIT",
      "dependencies": {
        "tsparticles-engine": "^2.10.1"
      }
    },
    "node_modules/tsparticles-interaction-external-remove": {
      "version": "2.10.1",
      "license": "MIT",
      "dependencies": {
        "tsparticles-engine": "^2.10.1"
      }
    },
    "node_modules/tsparticles-interaction-external-repulse": {
      "version": "2.10.1",
      "license": "MIT",
      "dependencies": {
        "tsparticles-engine": "^2.10.1"
      }
    },
    "node_modules/tsparticles-interaction-external-slow": {
      "version": "2.10.1",
      "license": "MIT",
      "dependencies": {
        "tsparticles-engine": "^2.10.1"
      }
    },
    "node_modules/tsparticles-interaction-external-trail": {
      "version": "2.10.1",
      "license": "MIT",
      "dependencies": {
        "tsparticles-engine": "^2.10.1"
      }
    },
    "node_modules/tsparticles-interaction-particles-attract": {
      "version": "2.10.1",
      "license": "MIT",
      "dependencies": {
        "tsparticles-engine": "^2.10.1"
      }
    },
    "node_modules/tsparticles-interaction-particles-collisions": {
      "version": "2.10.1",
      "license": "MIT",
      "dependencies": {
        "tsparticles-engine": "^2.10.1"
      }
    },
    "node_modules/tsparticles-interaction-particles-links": {
      "version": "2.10.1",
      "license": "MIT",
      "dependencies": {
        "tsparticles-engine": "^2.10.1"
      }
    },
    "node_modules/tsparticles-move-base": {
      "version": "2.10.1",
      "license": "MIT",
      "dependencies": {
        "tsparticles-engine": "^2.10.1"
      }
    },
    "node_modules/tsparticles-move-parallax": {
      "version": "2.10.1",
      "license": "MIT",
      "dependencies": {
        "tsparticles-engine": "^2.10.1"
      }
    },
    "node_modules/tsparticles-particles.js": {
      "version": "2.10.1",
      "funding": [
        {
          "type": "github",
          "url": "https://github.com/sponsors/matteobruni"
        },
        {
          "type": "github",
          "url": "https://github.com/sponsors/tsparticles"
        },
        {
          "type": "buymeacoffee",
          "url": "https://www.buymeacoffee.com/matteobruni"
        }
      ],
      "license": "MIT",
      "dependencies": {
        "tsparticles-engine": "^2.10.1"
      }
    },
    "node_modules/tsparticles-plugin-absorbers": {
      "version": "2.10.1",
      "license": "MIT",
      "dependencies": {
        "tsparticles-engine": "^2.10.1"
      }
    },
    "node_modules/tsparticles-plugin-easing-quad": {
      "version": "2.10.1",
      "funding": [
        {
          "type": "github",
          "url": "https://github.com/sponsors/matteobruni"
        },
        {
          "type": "github",
          "url": "https://github.com/sponsors/tsparticles"
        },
        {
          "type": "buymeacoffee",
          "url": "https://www.buymeacoffee.com/matteobruni"
        }
      ],
      "license": "MIT",
      "dependencies": {
        "tsparticles-engine": "^2.10.1"
      }
    },
    "node_modules/tsparticles-plugin-emitters": {
      "version": "2.10.1",
      "license": "MIT",
      "dependencies": {
        "tsparticles-engine": "^2.10.1"
      }
    },
    "node_modules/tsparticles-shape-circle": {
      "version": "2.10.1",
      "license": "MIT",
      "dependencies": {
        "tsparticles-engine": "^2.10.1"
      }
    },
    "node_modules/tsparticles-shape-image": {
      "version": "2.10.1",
      "license": "MIT",
      "dependencies": {
        "tsparticles-engine": "^2.10.1"
      }
    },
    "node_modules/tsparticles-shape-line": {
      "version": "2.10.1",
      "license": "MIT",
      "dependencies": {
        "tsparticles-engine": "^2.10.1"
      }
    },
    "node_modules/tsparticles-shape-polygon": {
      "version": "2.10.1",
      "license": "MIT",
      "dependencies": {
        "tsparticles-engine": "^2.10.1"
      }
    },
    "node_modules/tsparticles-shape-square": {
      "version": "2.10.1",
      "license": "MIT",
      "dependencies": {
        "tsparticles-engine": "^2.10.1"
      }
    },
    "node_modules/tsparticles-shape-star": {
      "version": "2.10.1",
      "license": "MIT",
      "dependencies": {
        "tsparticles-engine": "^2.10.1"
      }
    },
    "node_modules/tsparticles-shape-text": {
      "version": "2.10.1",
      "license": "MIT",
      "dependencies": {
        "tsparticles-engine": "^2.10.1"
      }
    },
    "node_modules/tsparticles-slim": {
      "version": "2.10.1",
      "funding": [
        {
          "type": "github",
          "url": "https://github.com/sponsors/matteobruni"
        },
        {
          "type": "github",
          "url": "https://github.com/sponsors/tsparticles"
        },
        {
          "type": "buymeacoffee",
          "url": "https://www.buymeacoffee.com/matteobruni"
        }
      ],
      "license": "MIT",
      "dependencies": {
        "tsparticles-engine": "^2.10.1",
        "tsparticles-interaction-external-attract": "^2.10.1",
        "tsparticles-interaction-external-bounce": "^2.10.1",
        "tsparticles-interaction-external-bubble": "^2.10.1",
        "tsparticles-interaction-external-connect": "^2.10.1",
        "tsparticles-interaction-external-grab": "^2.10.1",
        "tsparticles-interaction-external-pause": "^2.10.1",
        "tsparticles-interaction-external-push": "^2.10.1",
        "tsparticles-interaction-external-remove": "^2.10.1",
        "tsparticles-interaction-external-repulse": "^2.10.1",
        "tsparticles-interaction-external-slow": "^2.10.1",
        "tsparticles-interaction-particles-attract": "^2.10.1",
        "tsparticles-interaction-particles-collisions": "^2.10.1",
        "tsparticles-interaction-particles-links": "^2.10.1",
        "tsparticles-move-base": "^2.10.1",
        "tsparticles-move-parallax": "^2.10.1",
        "tsparticles-particles.js": "^2.10.1",
        "tsparticles-plugin-easing-quad": "^2.10.1",
        "tsparticles-shape-circle": "^2.10.1",
        "tsparticles-shape-image": "^2.10.1",
        "tsparticles-shape-line": "^2.10.1",
        "tsparticles-shape-polygon": "^2.10.1",
        "tsparticles-shape-square": "^2.10.1",
        "tsparticles-shape-star": "^2.10.1",
        "tsparticles-shape-text": "^2.10.1",
        "tsparticles-updater-color": "^2.10.1",
        "tsparticles-updater-life": "^2.10.1",
        "tsparticles-updater-opacity": "^2.10.1",
        "tsparticles-updater-out-modes": "^2.10.1",
        "tsparticles-updater-rotate": "^2.10.1",
        "tsparticles-updater-size": "^2.10.1",
        "tsparticles-updater-stroke-color": "^2.10.1"
      }
    },
    "node_modules/tsparticles-updater-color": {
      "version": "2.10.1",
      "license": "MIT",
      "dependencies": {
        "tsparticles-engine": "^2.10.1"
      }
    },
    "node_modules/tsparticles-updater-destroy": {
      "version": "2.10.1",
      "license": "MIT",
      "dependencies": {
        "tsparticles-engine": "^2.10.1"
      }
    },
    "node_modules/tsparticles-updater-life": {
      "version": "2.10.1",
      "license": "MIT",
      "dependencies": {
        "tsparticles-engine": "^2.10.1"
      }
    },
    "node_modules/tsparticles-updater-opacity": {
      "version": "2.10.1",
      "license": "MIT",
      "dependencies": {
        "tsparticles-engine": "^2.10.1"
      }
    },
    "node_modules/tsparticles-updater-out-modes": {
      "version": "2.10.1",
      "license": "MIT",
      "dependencies": {
        "tsparticles-engine": "^2.10.1"
      }
    },
    "node_modules/tsparticles-updater-roll": {
      "version": "2.10.1",
      "license": "MIT",
      "dependencies": {
        "tsparticles-engine": "^2.10.1"
      }
    },
    "node_modules/tsparticles-updater-rotate": {
      "version": "2.10.1",
      "license": "MIT",
      "dependencies": {
        "tsparticles-engine": "^2.10.1"
      }
    },
    "node_modules/tsparticles-updater-size": {
      "version": "2.10.1",
      "license": "MIT",
      "dependencies": {
        "tsparticles-engine": "^2.10.1"
      }
    },
    "node_modules/tsparticles-updater-stroke-color": {
      "version": "2.10.1",
      "license": "MIT",
      "dependencies": {
        "tsparticles-engine": "^2.10.1"
      }
    },
    "node_modules/tsparticles-updater-tilt": {
      "version": "2.10.1",
      "license": "MIT",
      "dependencies": {
        "tsparticles-engine": "^2.10.1"
      }
    },
    "node_modules/tsparticles-updater-twinkle": {
      "version": "2.10.1",
      "license": "MIT",
      "dependencies": {
        "tsparticles-engine": "^2.10.1"
      }
    },
    "node_modules/tsparticles-updater-wobble": {
      "version": "2.10.1",
      "license": "MIT",
      "dependencies": {
        "tsparticles-engine": "^2.10.1"
      }
    },
    "node_modules/type-detect": {
      "version": "4.0.8",
      "license": "MIT",
      "engines": {
        "node": ">=4"
      }
    },
    "node_modules/typeit": {
      "version": "8.7.1",
      "hasInstallScript": true,
      "license": "GPL-3.0"
    },
    "node_modules/typeit-react": {
      "version": "2.6.4",
      "license": "GPL-3.0",
      "dependencies": {
        "react": ">=17.0.0",
        "react-dom": ">=17.0.0",
        "typeit": "^8.7.1"
      }
    },
    "node_modules/uncontrollable": {
      "version": "7.2.1",
      "license": "MIT",
      "dependencies": {
        "@babel/runtime": "^7.6.3",
        "@types/react": ">=16.9.11",
        "invariant": "^2.2.4",
        "react-lifecycles-compat": "^3.0.4"
      },
      "peerDependencies": {
        "react": ">=15.0.0"
      }
    },
    "node_modules/warning": {
      "version": "4.0.3",
      "license": "MIT",
      "dependencies": {
        "loose-envify": "^1.0.0"
      }
    },
    "node_modules/@next/swc-android-arm-eabi": {
      "version": "13.2.4",
      "resolved": "https://registry.npmjs.org/@next/swc-android-arm-eabi/-/swc-android-arm-eabi-13.2.4.tgz",
      "integrity": "sha512-DWlalTSkLjDU11MY11jg17O1gGQzpRccM9Oes2yTqj2DpHndajrXHGxj9HGtJ+idq2k7ImUdJVWS2h2l/EDJOw==",
      "cpu": [
        "arm"
      ],
      "optional": true,
      "os": [
        "android"
      ],
      "engines": {
        "node": ">= 10"
      }
    },
    "node_modules/@next/swc-android-arm64": {
      "version": "13.2.4",
      "resolved": "https://registry.npmjs.org/@next/swc-android-arm64/-/swc-android-arm64-13.2.4.tgz",
      "integrity": "sha512-sRavmUImUCf332Gy+PjIfLkMhiRX1Ez4SI+3vFDRs1N5eXp+uNzjFUK/oLMMOzk6KFSkbiK/3Wt8+dHQR/flNg==",
      "cpu": [
        "arm64"
      ],
      "optional": true,
      "os": [
        "android"
      ],
      "engines": {
        "node": ">= 10"
      }
    },
    "node_modules/@next/swc-darwin-x64": {
      "version": "13.2.4",
      "resolved": "https://registry.npmjs.org/@next/swc-darwin-x64/-/swc-darwin-x64-13.2.4.tgz",
      "integrity": "sha512-a6LBuoYGcFOPGd4o8TPo7wmv5FnMr+Prz+vYHopEDuhDoMSHOnC+v+Ab4D7F0NMZkvQjEJQdJS3rqgFhlZmKlw==",
      "cpu": [
        "x64"
      ],
      "optional": true,
      "os": [
        "darwin"
      ],
      "engines": {
        "node": ">= 10"
      }
    },
    "node_modules/@next/swc-freebsd-x64": {
      "version": "13.2.4",
      "resolved": "https://registry.npmjs.org/@next/swc-freebsd-x64/-/swc-freebsd-x64-13.2.4.tgz",
      "integrity": "sha512-kkbzKVZGPaXRBPisoAQkh3xh22r+TD+5HwoC5bOkALraJ0dsOQgSMAvzMXKsN3tMzJUPS0tjtRf1cTzrQ0I5vQ==",
      "cpu": [
        "x64"
      ],
      "optional": true,
      "os": [
        "freebsd"
      ],
      "engines": {
        "node": ">= 10"
      }
    },
    "node_modules/@next/swc-linux-arm-gnueabihf": {
      "version": "13.2.4",
      "resolved": "https://registry.npmjs.org/@next/swc-linux-arm-gnueabihf/-/swc-linux-arm-gnueabihf-13.2.4.tgz",
      "integrity": "sha512-7qA1++UY0fjprqtjBZaOA6cas/7GekpjVsZn/0uHvquuITFCdKGFCsKNBx3S0Rpxmx6WYo0GcmhNRM9ru08BGg==",
      "cpu": [
        "arm"
      ],
      "optional": true,
      "os": [
        "linux"
      ],
      "engines": {
        "node": ">= 10"
      }
    },
    "node_modules/@next/swc-linux-arm64-gnu": {
      "version": "13.2.4",
      "resolved": "https://registry.npmjs.org/@next/swc-linux-arm64-gnu/-/swc-linux-arm64-gnu-13.2.4.tgz",
      "integrity": "sha512-xzYZdAeq883MwXgcwc72hqo/F/dwUxCukpDOkx/j1HTq/J0wJthMGjinN9wH5bPR98Mfeh1MZJ91WWPnZOedOg==",
      "cpu": [
        "arm64"
      ],
      "optional": true,
      "os": [
        "linux"
      ],
      "engines": {
        "node": ">= 10"
      }
    },
    "node_modules/@next/swc-linux-arm64-musl": {
      "version": "13.2.4",
      "resolved": "https://registry.npmjs.org/@next/swc-linux-arm64-musl/-/swc-linux-arm64-musl-13.2.4.tgz",
      "integrity": "sha512-8rXr3WfmqSiYkb71qzuDP6I6R2T2tpkmf83elDN8z783N9nvTJf2E7eLx86wu2OJCi4T05nuxCsh4IOU3LQ5xw==",
      "cpu": [
        "arm64"
      ],
      "optional": true,
      "os": [
        "linux"
      ],
      "engines": {
        "node": ">= 10"
      }
    },
    "node_modules/@next/swc-linux-x64-gnu": {
      "version": "13.2.4",
      "resolved": "https://registry.npmjs.org/@next/swc-linux-x64-gnu/-/swc-linux-x64-gnu-13.2.4.tgz",
      "integrity": "sha512-Ngxh51zGSlYJ4EfpKG4LI6WfquulNdtmHg1yuOYlaAr33KyPJp4HeN/tivBnAHcZkoNy0hh/SbwDyCnz5PFJQQ==",
      "cpu": [
        "x64"
      ],
      "optional": true,
      "os": [
        "linux"
      ],
      "engines": {
        "node": ">= 10"
      }
    },
    "node_modules/@next/swc-linux-x64-musl": {
      "version": "13.2.4",
      "resolved": "https://registry.npmjs.org/@next/swc-linux-x64-musl/-/swc-linux-x64-musl-13.2.4.tgz",
      "integrity": "sha512-gOvwIYoSxd+j14LOcvJr+ekd9fwYT1RyMAHOp7znA10+l40wkFiMONPLWiZuHxfRk+Dy7YdNdDh3ImumvL6VwA==",
      "cpu": [
        "x64"
      ],
      "optional": true,
      "os": [
        "linux"
      ],
      "engines": {
        "node": ">= 10"
      }
    },
    "node_modules/@next/swc-win32-arm64-msvc": {
      "version": "13.2.4",
      "resolved": "https://registry.npmjs.org/@next/swc-win32-arm64-msvc/-/swc-win32-arm64-msvc-13.2.4.tgz",
      "integrity": "sha512-q3NJzcfClgBm4HvdcnoEncmztxrA5GXqKeiZ/hADvC56pwNALt3ngDC6t6qr1YW9V/EPDxCYeaX4zYxHciW4Dw==",
      "cpu": [
        "arm64"
      ],
      "optional": true,
      "os": [
        "win32"
      ],
      "engines": {
        "node": ">= 10"
      }
    },
    "node_modules/@next/swc-win32-ia32-msvc": {
      "version": "13.2.4",
      "resolved": "https://registry.npmjs.org/@next/swc-win32-ia32-msvc/-/swc-win32-ia32-msvc-13.2.4.tgz",
      "integrity": "sha512-/eZ5ncmHUYtD2fc6EUmAIZlAJnVT2YmxDsKs1Ourx0ttTtvtma/WKlMV5NoUsyOez0f9ExLyOpeCoz5aj+MPXw==",
      "cpu": [
        "ia32"
      ],
      "optional": true,
      "os": [
        "win32"
      ],
      "engines": {
        "node": ">= 10"
      }
    },
    "node_modules/@next/swc-win32-x64-msvc": {
      "version": "13.2.4",
      "resolved": "https://registry.npmjs.org/@next/swc-win32-x64-msvc/-/swc-win32-x64-msvc-13.2.4.tgz",
      "integrity": "sha512-0MffFmyv7tBLlji01qc0IaPP/LVExzvj7/R5x1Jph1bTAIj4Vu81yFQWHHQAP6r4ff9Ukj1mBK6MDNVXm7Tcvw==",
      "cpu": [
        "x64"
      ],
      "optional": true,
      "os": [
        "win32"
      ],
      "engines": {
        "node": ">= 10"
      }
    }
  }
}
